
Microsoft Visual Studio Solution File, Format Version 12.00
# Visual Studio Version 17
VisualStudioVersion = 17.6.33815.320
MinimumVisualStudioVersion = 10.0.40219.1
Project("{FAE04EC0-301F-11D3-BF4B-00C04F79EFBC}") = "TextFileBased", "TextFileBased\TextFileBased.csproj", "{8DCC343F-ED3C-4CCD-A16F-D2FE06235DC8}"
EndProject
Global
	GlobalSection(SolutionConfigurationPlatforms) = preSolution
		Debug|Any CPU = Debug|Any CPU
		Release|Any CPU = Release|Any CPU
	EndGlobalSection
	GlobalSection(ProjectConfigurationPlatforms) = postSolution
		{8DCC343F-ED3C-4CCD-A16F-D2FE06235DC8}.Debug|Any CPU.ActiveCfg = Debug|Any CPU
		{8DCC343F-ED3C-4CCD-A16F-D2FE06235DC8}.Debug|Any CPU.Build.0 = Debug|Any CPU
		{8DCC343F-ED3C-4CCD-A16F-D2FE06235DC8}.Release|Any CPU.ActiveCfg = Release|Any CPU
		{8DCC343F-ED3C-4CCD-A16F-D2FE06235DC8}.Release|Any CPU.Build.0 = Release|Any CPU
	EndGlobalSection
	GlobalSection(SolutionProperties) = preSolution
		HideSolutionNode = FALSE
	EndGlobalSection
	GlobalSection(ExtensibilityGlobals) = postSolution
		SolutionGuid = {A19EFAE9-5D72-4C20-B1A0-C6C6FB07090E}
	EndGlobalSection
EndGlobal
